
Microsoft Visual Studio Solution File, Format Version 12.00
# Visual Studio Version 16
VisualStudioVersion = 16.0.31729.503
MinimumVisualStudioVersion = 10.0.40219.1
Project("{FAE04EC0-301F-11D3-BF4B-00C04F79EFBC}") = "Algorithm", "Algorithm\Algorithm.csproj", "{DB18CE23-6AC8-414C-BD07-C4D4ACBED8DA}"
EndProject
Global
	GlobalSection(SolutionConfigurationPlatforms) = preSolution
		Debug|Any CPU = Debug|Any CPU
		Release|Any CPU = Release|Any CPU
	EndGlobalSection
	GlobalSection(ProjectConfigurationPlatforms) = postSolution
		{DB18CE23-6AC8-414C-BD07-C4D4ACBED8DA}.Debug|Any CPU.ActiveCfg = Debug|Any CPU
		{DB18CE23-6AC8-414C-BD07-C4D4ACBED8DA}.Debug|Any CPU.Build.0 = Debug|Any CPU
		{DB18CE23-6AC8-414C-BD07-C4D4ACBED8DA}.Release|Any CPU.ActiveCfg = Release|Any CPU
		{DB18CE23-6AC8-414C-BD07-C4D4ACBED8DA}.Release|Any CPU.Build.0 = Release|Any CPU
	EndGlobalSection
	GlobalSection(SolutionProperties) = preSolution
		HideSolutionNode = FALSE
	EndGlobalSection
	GlobalSection(ExtensibilityGlobals) = postSolution
		SolutionGuid = {35ED1E7B-AFE8-4FCB-BB7D-A966F0FC11BD}
	EndGlobalSection
EndGlobal
